PODS:
  - KYC_SDK (0.8)

DEPENDENCIES:
  - KYC_SDK (from `https://github.com/wangosoft/KYC_SDK_XCFRAMEWORK.git`)

EXTERNAL SOURCES:
  KYC_SDK:
    :git: https://github.com/wangosoft/KYC_SDK_XCFRAMEWORK.git

CHECKOUT OPTIONS:
  KYC_SDK:
    :commit: 3ed4096660b68093b10967d3838fb989adff96c5
    :git: https://github.com/wangosoft/KYC_SDK_XCFRAMEWORK.git

SPEC CHECKSUMS:
  KYC_SDK: 96aa5d2ffaacb7b97d4f2cdc9ff6a4094839f929

PODFILE CHECKSUM: d402434a58dd1e5ba2717d09190f83f6857f9bff

COCOAPODS: 1.11.2
