PODS:
  - KYC_SDK (0.9)

DEPENDENCIES:
  - KYC_SDK (from `https://github.com/wangosoft/KYC_SDK_XCFRAMEWORK.git`)

EXTERNAL SOURCES:
  KYC_SDK:
    :git: https://github.com/wangosoft/KYC_SDK_XCFRAMEWORK.git

CHECKOUT OPTIONS:
  KYC_SDK:
    :commit: 228c4504d7e66c87484795aa48a54fef410e2cbb
    :git: https://github.com/wangosoft/KYC_SDK_XCFRAMEWORK.git

SPEC CHECKSUMS:
  KYC_SDK: 766afca35c2b17bc35b9657bb77d2652bb32b4d6

PODFILE CHECKSUM: d402434a58dd1e5ba2717d09190f83f6857f9bff

COCOAPODS: 1.11.2
