PODS:
  - KYC_SDK (0.5)

DEPENDENCIES:
  - KYC_SDK (from `https://github.com/wangosoft/KYC_SDK_XCFRAMEWORK.git`)

EXTERNAL SOURCES:
  KYC_SDK:
    :git: https://github.com/wangosoft/KYC_SDK_XCFRAMEWORK.git

CHECKOUT OPTIONS:
  KYC_SDK:
    :commit: 901a9f8386ef725c49ea37cf8eb20a6be68a4df2
    :git: https://github.com/wangosoft/KYC_SDK_XCFRAMEWORK.git

SPEC CHECKSUMS:
  KYC_SDK: 76623b46389a6bfe2150953746a6d10393c21ff4

PODFILE CHECKSUM: d402434a58dd1e5ba2717d09190f83f6857f9bff

COCOAPODS: 1.11.2
